
Microsoft Visual Studio Solution File, Format Version 12.00
# Visual Studio Version 16
VisualStudioVersion = 16.0.31702.278
MinimumVisualStudioVersion = 10.0.40219.1
Project("{FAE04EC0-301F-11D3-BF4B-00C04F79EFBC}") = "BookClient", "BookCilent\BookClient.csproj", "{C701EE61-7538-4838-80D8-B240E711A09A}"
EndProject
Project("{FAE04EC0-301F-11D3-BF4B-00C04F79EFBC}") = "BookObject", "BookObject\BookObject.csproj", "{AF4371F9-8986-485D-903F-E35730F6A84F}"
EndProject
Global
	GlobalSection(SolutionConfigurationPlatforms) = preSolution
		Debug|Any CPU = Debug|Any CPU
		Release|Any CPU = Release|Any CPU
	EndGlobalSection
	GlobalSection(ProjectConfigurationPlatforms) = postSolution
		{C701EE61-7538-4838-80D8-B240E711A09A}.Debug|Any CPU.ActiveCfg = Debug|Any CPU
		{C701EE61-7538-4838-80D8-B240E711A09A}.Debug|Any CPU.Build.0 = Debug|Any CPU
		{C701EE61-7538-4838-80D8-B240E711A09A}.Release|Any CPU.ActiveCfg = Release|Any CPU
		{C701EE61-7538-4838-80D8-B240E711A09A}.Release|Any CPU.Build.0 = Release|Any CPU
		{AF4371F9-8986-485D-903F-E35730F6A84F}.Debug|Any CPU.ActiveCfg = Debug|Any CPU
		{AF4371F9-8986-485D-903F-E35730F6A84F}.Debug|Any CPU.Build.0 = Debug|Any CPU
		{AF4371F9-8986-485D-903F-E35730F6A84F}.Release|Any CPU.ActiveCfg = Release|Any CPU
		{AF4371F9-8986-485D-903F-E35730F6A84F}.Release|Any CPU.Build.0 = Release|Any CPU
	EndGlobalSection
	GlobalSection(SolutionProperties) = preSolution
		HideSolutionNode = FALSE
	EndGlobalSection
	GlobalSection(ExtensibilityGlobals) = postSolution
		SolutionGuid = {7D4BC52A-FE3E-4658-982D-89F1DB36393B}
	EndGlobalSection
EndGlobal
