
Microsoft Visual Studio Solution File, Format Version 12.00
# Visual Studio Version 16
VisualStudioVersion = 16.0.31702.278
MinimumVisualStudioVersion = 10.0.40219.1
Project("{FAE04EC0-301F-11D3-BF4B-00C04F79EFBC}") = "BookService", "BookService\BookService.csproj", "{C9552329-7248-4885-AAE2-E5029BD4F040}"
EndProject
Project("{FAE04EC0-301F-11D3-BF4B-00C04F79EFBC}") = "BookObject", "BookObject\BookObject.csproj", "{05EC47F1-AF70-4383-BAA2-32DBD37926C4}"
EndProject
Global
	GlobalSection(SolutionConfigurationPlatforms) = preSolution
		Debug|Any CPU = Debug|Any CPU
		Release|Any CPU = Release|Any CPU
	EndGlobalSection
	GlobalSection(ProjectConfigurationPlatforms) = postSolution
		{C9552329-7248-4885-AAE2-E5029BD4F040}.Debug|Any CPU.ActiveCfg = Debug|Any CPU
		{C9552329-7248-4885-AAE2-E5029BD4F040}.Debug|Any CPU.Build.0 = Debug|Any CPU
		{C9552329-7248-4885-AAE2-E5029BD4F040}.Release|Any CPU.ActiveCfg = Release|Any CPU
		{C9552329-7248-4885-AAE2-E5029BD4F040}.Release|Any CPU.Build.0 = Release|Any CPU
		{05EC47F1-AF70-4383-BAA2-32DBD37926C4}.Debug|Any CPU.ActiveCfg = Debug|Any CPU
		{05EC47F1-AF70-4383-BAA2-32DBD37926C4}.Debug|Any CPU.Build.0 = Debug|Any CPU
		{05EC47F1-AF70-4383-BAA2-32DBD37926C4}.Release|Any CPU.ActiveCfg = Release|Any CPU
		{05EC47F1-AF70-4383-BAA2-32DBD37926C4}.Release|Any CPU.Build.0 = Release|Any CPU
	EndGlobalSection
	GlobalSection(SolutionProperties) = preSolution
		HideSolutionNode = FALSE
	EndGlobalSection
	GlobalSection(ExtensibilityGlobals) = postSolution
		SolutionGuid = {71BE84B2-327E-4239-A61F-9605E80A60BD}
	EndGlobalSection
EndGlobal
